
Microsoft Visual Studio Solution File, Format Version 12.00
# Visual Studio Version 16
VisualStudioVersion = 16.0.29020.237
MinimumVisualStudioVersion = 10.0.40219.1
Project("{FAE04EC0-301F-11D3-BF4B-00C04F79EFBC}") = "TodoApi", "TodoApi\TodoApi.csproj", "{064AC3DD-7BCC-45F8-AAD9-F2851890B374}"
EndProject
Global
	GlobalSection(SolutionConfigurationPlatforms) = preSolution
		Debug|Any CPU = Debug|Any CPU
		Release|Any CPU = Release|Any CPU
	EndGlobalSection
	GlobalSection(ProjectConfigurationPlatforms) = postSolution
		{064AC3DD-7BCC-45F8-AAD9-F2851890B374}.Debug|Any CPU.ActiveCfg = Debug|Any CPU
		{064AC3DD-7BCC-45F8-AAD9-F2851890B374}.Debug|Any CPU.Build.0 = Debug|Any CPU
		{064AC3DD-7BCC-45F8-AAD9-F2851890B374}.Release|Any CPU.ActiveCfg = Release|Any CPU
		{064AC3DD-7BCC-45F8-AAD9-F2851890B374}.Release|Any CPU.Build.0 = Release|Any CPU
	EndGlobalSection
	GlobalSection(SolutionProperties) = preSolution
		HideSolutionNode = FALSE
	EndGlobalSection
	GlobalSection(ExtensibilityGlobals) = postSolution
		SolutionGuid = {384F501B-255C-43CA-80EF-D2FBC53F592A}
	EndGlobalSection
EndGlobal
